
Microsoft Visual Studio Solution File, Format Version 12.00
# Visual Studio Version 16
VisualStudioVersion = 16.0.30320.27
MinimumVisualStudioVersion = 10.0.40219.1
Project("{FAE04EC0-301F-11D3-BF4B-00C04F79EFBC}") = "Myshop.Core", "Myshop.Core\Myshop.Core.csproj", "{0420CFBC-2730-4894-ADA3-8CE88BAFCE1E}"
EndProject
Project("{FAE04EC0-301F-11D3-BF4B-00C04F79EFBC}") = "Myshop.servises", "Myshop.servises\Myshop.servises.csproj", "{FC99E485-25F0-4716-AB18-92B05E09206B}"
EndProject
Project("{FAE04EC0-301F-11D3-BF4B-00C04F79EFBC}") = "Myshop.Dtat.SQL", "Myshop.Dtat.SQL\Myshop.Dtat.SQL.csproj", "{4B7D0B88-CD43-4D58-A804-BC150033E7CA}"
EndProject
Project("{FAE04EC0-301F-11D3-BF4B-00C04F79EFBC}") = "Myshop.Data.InMemory", "Myshop.Data.InMemory\Myshop.Data.InMemory.csproj", "{F1FE59FC-46BE-4B1F-96F2-FCBD4B3D4E9A}"
EndProject
Project("{FAE04EC0-301F-11D3-BF4B-00C04F79EFBC}") = "Myshop.WebUI", "Myshop.WebUI\Myshop.WebUI.csproj", "{E27E27D1-5DCE-49B9-87C3-7F1C577DBD0D}"
EndProject
Project("{FAE04EC0-301F-11D3-BF4B-00C04F79EFBC}") = "Myshop.WebUI.Tests", "Myshop.WebUI.Tests\Myshop.WebUI.Tests.csproj", "{FA740619-99D2-46D5-BF56-C7A2771C66E7}"
EndProject
Global
	GlobalSection(SolutionConfigurationPlatforms) = preSolution
		Debug|Any CPU = Debug|Any CPU
		Release|Any CPU = Release|Any CPU
	EndGlobalSection
	GlobalSection(ProjectConfigurationPlatforms) = postSolution
		{0420CFBC-2730-4894-ADA3-8CE88BAFCE1E}.Debug|Any CPU.ActiveCfg = Debug|Any CPU
		{0420CFBC-2730-4894-ADA3-8CE88BAFCE1E}.Debug|Any CPU.Build.0 = Debug|Any CPU
		{0420CFBC-2730-4894-ADA3-8CE88BAFCE1E}.Release|Any CPU.ActiveCfg = Release|Any CPU
		{0420CFBC-2730-4894-ADA3-8CE88BAFCE1E}.Release|Any CPU.Build.0 = Release|Any CPU
		{FC99E485-25F0-4716-AB18-92B05E09206B}.Debug|Any CPU.ActiveCfg = Debug|Any CPU
		{FC99E485-25F0-4716-AB18-92B05E09206B}.Debug|Any CPU.Build.0 = Debug|Any CPU
		{FC99E485-25F0-4716-AB18-92B05E09206B}.Release|Any CPU.ActiveCfg = Release|Any CPU
		{FC99E485-25F0-4716-AB18-92B05E09206B}.Release|Any CPU.Build.0 = Release|Any CPU
		{4B7D0B88-CD43-4D58-A804-BC150033E7CA}.Debug|Any CPU.ActiveCfg = Debug|Any CPU
		{4B7D0B88-CD43-4D58-A804-BC150033E7CA}.Debug|Any CPU.Build.0 = Debug|Any CPU
		{4B7D0B88-CD43-4D58-A804-BC150033E7CA}.Release|Any CPU.ActiveCfg = Release|Any CPU
		{4B7D0B88-CD43-4D58-A804-BC150033E7CA}.Release|Any CPU.Build.0 = Release|Any CPU
		{F1FE59FC-46BE-4B1F-96F2-FCBD4B3D4E9A}.Debug|Any CPU.ActiveCfg = Debug|Any CPU
		{F1FE59FC-46BE-4B1F-96F2-FCBD4B3D4E9A}.Debug|Any CPU.Build.0 = Debug|Any CPU
		{F1FE59FC-46BE-4B1F-96F2-FCBD4B3D4E9A}.Release|Any CPU.ActiveCfg = Release|Any CPU
		{F1FE59FC-46BE-4B1F-96F2-FCBD4B3D4E9A}.Release|Any CPU.Build.0 = Release|Any CPU
		{E27E27D1-5DCE-49B9-87C3-7F1C577DBD0D}.Debug|Any CPU.ActiveCfg = Debug|Any CPU
		{E27E27D1-5DCE-49B9-87C3-7F1C577DBD0D}.Debug|Any CPU.Build.0 = Debug|Any CPU
		{E27E27D1-5DCE-49B9-87C3-7F1C577DBD0D}.Release|Any CPU.ActiveCfg = Release|Any CPU
		{E27E27D1-5DCE-49B9-87C3-7F1C577DBD0D}.Release|Any CPU.Build.0 = Release|Any CPU
		{FA740619-99D2-46D5-BF56-C7A2771C66E7}.Debug|Any CPU.ActiveCfg = Debug|Any CPU
		{FA740619-99D2-46D5-BF56-C7A2771C66E7}.Debug|Any CPU.Build.0 = Debug|Any CPU
		{FA740619-99D2-46D5-BF56-C7A2771C66E7}.Release|Any CPU.ActiveCfg = Release|Any CPU
		{FA740619-99D2-46D5-BF56-C7A2771C66E7}.Release|Any CPU.Build.0 = Release|Any CPU
	EndGlobalSection
	GlobalSection(SolutionProperties) = preSolution
		HideSolutionNode = FALSE
	EndGlobalSection
	GlobalSection(ExtensibilityGlobals) = postSolution
		SolutionGuid = {D7BAA9F0-4BA3-4AB1-A72F-82D67543094B}
	EndGlobalSection
EndGlobal
